
Microsoft Visual Studio Solution File, Format Version 12.00
# Visual Studio Version 17
VisualStudioVersion = 17.10.35027.167
MinimumVisualStudioVersion = 10.0.40219.1
Project("{FAE04EC0-301F-11D3-BF4B-00C04F79EFBC}") = "ConsoleAppClient", "ConsoleAppClient\ConsoleAppClient.csproj", "{40697270-67D6-48E2-B73A-AFD19A84178E}"
EndProject
Global
	GlobalSection(SolutionConfigurationPlatforms) = preSolution
		Debug|Any CPU = Debug|Any CPU
		Release|Any CPU = Release|Any CPU
	EndGlobalSection
	GlobalSection(ProjectConfigurationPlatforms) = postSolution
		{40697270-67D6-48E2-B73A-AFD19A84178E}.Debug|Any CPU.ActiveCfg = Debug|Any CPU
		{40697270-67D6-48E2-B73A-AFD19A84178E}.Debug|Any CPU.Build.0 = Debug|Any CPU
		{40697270-67D6-48E2-B73A-AFD19A84178E}.Release|Any CPU.ActiveCfg = Release|Any CPU
		{40697270-67D6-48E2-B73A-AFD19A84178E}.Release|Any CPU.Build.0 = Release|Any CPU
	EndGlobalSection
	GlobalSection(SolutionProperties) = preSolution
		HideSolutionNode = FALSE
	EndGlobalSection
	GlobalSection(ExtensibilityGlobals) = postSolution
		SolutionGuid = {82D5D683-274A-4904-B1AA-DD033CBCF387}
	EndGlobalSection
EndGlobal
