
Microsoft Visual Studio Solution File, Format Version 12.00
# Visual Studio Version 17
VisualStudioVersion = 17.10.35027.167
MinimumVisualStudioVersion = 10.0.40219.1
Project("{FAE04EC0-301F-11D3-BF4B-00C04F79EFBC}") = "WpfLibrary", "WpfLibrary\WpfLibrary.csproj", "{D3693F20-5A76-41AF-BD1D-9F3725FBC59F}"
EndProject
Project("{FAE04EC0-301F-11D3-BF4B-00C04F79EFBC}") = "WpfAppAcquario", "WpfAppAcquario\WpfAppAcquario.csproj", "{77F617F3-7E33-4BFD-BBE6-D6BE6C4CE5C0}"
EndProject
Global
	GlobalSection(SolutionConfigurationPlatforms) = preSolution
		Debug|Any CPU = Debug|Any CPU
		Release|Any CPU = Release|Any CPU
	EndGlobalSection
	GlobalSection(ProjectConfigurationPlatforms) = postSolution
		{D3693F20-5A76-41AF-BD1D-9F3725FBC59F}.Debug|Any CPU.ActiveCfg = Debug|Any CPU
		{D3693F20-5A76-41AF-BD1D-9F3725FBC59F}.Debug|Any CPU.Build.0 = Debug|Any CPU
		{D3693F20-5A76-41AF-BD1D-9F3725FBC59F}.Release|Any CPU.ActiveCfg = Release|Any CPU
		{D3693F20-5A76-41AF-BD1D-9F3725FBC59F}.Release|Any CPU.Build.0 = Release|Any CPU
		{77F617F3-7E33-4BFD-BBE6-D6BE6C4CE5C0}.Debug|Any CPU.ActiveCfg = Debug|Any CPU
		{77F617F3-7E33-4BFD-BBE6-D6BE6C4CE5C0}.Debug|Any CPU.Build.0 = Debug|Any CPU
		{77F617F3-7E33-4BFD-BBE6-D6BE6C4CE5C0}.Release|Any CPU.ActiveCfg = Release|Any CPU
		{77F617F3-7E33-4BFD-BBE6-D6BE6C4CE5C0}.Release|Any CPU.Build.0 = Release|Any CPU
	EndGlobalSection
	GlobalSection(SolutionProperties) = preSolution
		HideSolutionNode = FALSE
	EndGlobalSection
	GlobalSection(ExtensibilityGlobals) = postSolution
		SolutionGuid = {537974D5-C652-486B-BCE9-7D16FDDFDC8F}
	EndGlobalSection
EndGlobal
