
Microsoft Visual Studio Solution File, Format Version 12.00
# Visual Studio Version 17
VisualStudioVersion = 17.10.35027.167
MinimumVisualStudioVersion = 10.0.40219.1
Project("{FAE04EC0-301F-11D3-BF4B-00C04F79EFBC}") = "ConsoleAppGestoreAlunni", "ConsoleAppGestoreAlunni\ConsoleAppGestoreAlunni.csproj", "{AA691704-6A79-4841-9A3D-302CC3E49028}"
EndProject
Global
	GlobalSection(SolutionConfigurationPlatforms) = preSolution
		Debug|Any CPU = Debug|Any CPU
		Release|Any CPU = Release|Any CPU
	EndGlobalSection
	GlobalSection(ProjectConfigurationPlatforms) = postSolution
		{AA691704-6A79-4841-9A3D-302CC3E49028}.Debug|Any CPU.ActiveCfg = Debug|Any CPU
		{AA691704-6A79-4841-9A3D-302CC3E49028}.Debug|Any CPU.Build.0 = Debug|Any CPU
		{AA691704-6A79-4841-9A3D-302CC3E49028}.Release|Any CPU.ActiveCfg = Release|Any CPU
		{AA691704-6A79-4841-9A3D-302CC3E49028}.Release|Any CPU.Build.0 = Release|Any CPU
	EndGlobalSection
	GlobalSection(SolutionProperties) = preSolution
		HideSolutionNode = FALSE
	EndGlobalSection
	GlobalSection(ExtensibilityGlobals) = postSolution
		SolutionGuid = {E3204602-695E-4DF3-97BC-645CB0B2841E}
	EndGlobalSection
EndGlobal
