
Microsoft Visual Studio Solution File, Format Version 12.00
# Visual Studio Version 17
VisualStudioVersion = 17.10.35027.167
MinimumVisualStudioVersion = 10.0.40219.1
Project("{FAE04EC0-301F-11D3-BF4B-00C04F79EFBC}") = "WpfAppImmagini", "WpfAppImmagini\WpfAppImmagini.csproj", "{70195115-E8DD-4FDF-942D-144D8C65B57E}"
EndProject
Global
	GlobalSection(SolutionConfigurationPlatforms) = preSolution
		Debug|Any CPU = Debug|Any CPU
		Release|Any CPU = Release|Any CPU
	EndGlobalSection
	GlobalSection(ProjectConfigurationPlatforms) = postSolution
		{70195115-E8DD-4FDF-942D-144D8C65B57E}.Debug|Any CPU.ActiveCfg = Debug|Any CPU
		{70195115-E8DD-4FDF-942D-144D8C65B57E}.Debug|Any CPU.Build.0 = Debug|Any CPU
		{70195115-E8DD-4FDF-942D-144D8C65B57E}.Release|Any CPU.ActiveCfg = Release|Any CPU
		{70195115-E8DD-4FDF-942D-144D8C65B57E}.Release|Any CPU.Build.0 = Release|Any CPU
	EndGlobalSection
	GlobalSection(SolutionProperties) = preSolution
		HideSolutionNode = FALSE
	EndGlobalSection
	GlobalSection(ExtensibilityGlobals) = postSolution
		SolutionGuid = {1DFFACD6-FCB8-456D-A97C-88BD2F96D2DC}
	EndGlobalSection
EndGlobal
